
Microsoft Visual Studio Solution File, Format Version 12.00
# Visual Studio Version 17
VisualStudioVersion = 17.3.32804.467
MinimumVisualStudioVersion = 10.0.40219.1
Project("{FAE04EC0-301F-11D3-BF4B-00C04F79EFBC}") = "NorthwApp.Entities", "NorthwApp.Entities\NorthwApp.Entities.csproj", "{177E4DB2-EFF7-48F5-84FD-437E58004146}"
EndProject
Project("{FAE04EC0-301F-11D3-BF4B-00C04F79EFBC}") = "NorthwApp.WpfApp", "NorthwApp.WpfApp\NorthwApp.WpfApp.csproj", "{7F1F244E-C458-46C0-BAD9-95DD7EC5DC61}"
EndProject
Global
	GlobalSection(SolutionConfigurationPlatforms) = preSolution
		Debug|Any CPU = Debug|Any CPU
		Release|Any CPU = Release|Any CPU
	EndGlobalSection
	GlobalSection(ProjectConfigurationPlatforms) = postSolution
		{177E4DB2-EFF7-48F5-84FD-437E58004146}.Debug|Any CPU.ActiveCfg = Debug|Any CPU
		{177E4DB2-EFF7-48F5-84FD-437E58004146}.Debug|Any CPU.Build.0 = Debug|Any CPU
		{177E4DB2-EFF7-48F5-84FD-437E58004146}.Release|Any CPU.ActiveCfg = Release|Any CPU
		{177E4DB2-EFF7-48F5-84FD-437E58004146}.Release|Any CPU.Build.0 = Release|Any CPU
		{7F1F244E-C458-46C0-BAD9-95DD7EC5DC61}.Debug|Any CPU.ActiveCfg = Debug|Any CPU
		{7F1F244E-C458-46C0-BAD9-95DD7EC5DC61}.Debug|Any CPU.Build.0 = Debug|Any CPU
		{7F1F244E-C458-46C0-BAD9-95DD7EC5DC61}.Release|Any CPU.ActiveCfg = Release|Any CPU
		{7F1F244E-C458-46C0-BAD9-95DD7EC5DC61}.Release|Any CPU.Build.0 = Release|Any CPU
	EndGlobalSection
	GlobalSection(SolutionProperties) = preSolution
		HideSolutionNode = FALSE
	EndGlobalSection
	GlobalSection(ExtensibilityGlobals) = postSolution
		SolutionGuid = {5FE7AA44-8B74-4634-BD35-4A66886A4862}
	EndGlobalSection
EndGlobal
